
Microsoft Visual Studio Solution File, Format Version 12.00
# Visual Studio Version 17
VisualStudioVersion = 17.3.32825.248
MinimumVisualStudioVersion = 10.0.40219.1
Project("{9A19103F-16F7-4668-BE54-9A1E7A4F7556}") = "DataAccessLayer", "DataAccessLayer\DataAccessLayer.csproj", "{E85FE97E-6543-4B35-BB2B-9597F73379C8}"
EndProject
Project("{9A19103F-16F7-4668-BE54-9A1E7A4F7556}") = "Infrastructure", "Infrastructure\Infrastructure.csproj", "{216D5A22-DCAF-4CCE-812C-024A2D0CE645}"
EndProject
Project("{9A19103F-16F7-4668-BE54-9A1E7A4F7556}") = "Infrastructure.EFCore", "Infrastructure.EFCore\Infrastructure.EFCore.csproj", "{34F5938E-2A6D-4234-9CF7-0A07EAD1DE39}"
EndProject
Project("{9A19103F-16F7-4668-BE54-9A1E7A4F7556}") = "BusinessLayer", "BusinessLayer\BusinessLayer.csproj", "{2A9B6DBC-3D05-41E4-A4D9-2DABF650426A}"
EndProject
Project("{9A19103F-16F7-4668-BE54-9A1E7A4F7556}") = "PresentationLayer", "PresentationLayer\PresentationLayer.csproj", "{EC75E0EF-EB83-4402-B61C-5E2ABC7A4553}"
EndProject
Project("{9A19103F-16F7-4668-BE54-9A1E7A4F7556}") = "BusinessLayer.Tests", "BusinessLayer.Tests\BusinessLayer.Tests.csproj", "{936AAFD7-305F-4FCC-97B3-2BB06D8A0459}"
EndProject
Project("{9A19103F-16F7-4668-BE54-9A1E7A4F7556}") = "Infrastructure.EFCore.Tests", "Infrastructure.EFCore.Tests\Infrastructure.EFCore.Tests.csproj", "{12B721C1-D1BD-4F60-885A-22DD61EFFCD2}"
EndProject
Project("{9A19103F-16F7-4668-BE54-9A1E7A4F7556}") = "DataAccessLayer.UnitTests", "DataAccessLayer.UnitTests\DataAccessLayer.UnitTests.csproj", "{3BCB5008-EF3C-4646-AEE6-1DF0CE227FC5}"
EndProject
Global
	GlobalSection(SolutionConfigurationPlatforms) = preSolution
		Debug|Any CPU = Debug|Any CPU
		Release|Any CPU = Release|Any CPU
	EndGlobalSection
	GlobalSection(ProjectConfigurationPlatforms) = postSolution
		{E85FE97E-6543-4B35-BB2B-9597F73379C8}.Debug|Any CPU.ActiveCfg = Debug|Any CPU
		{E85FE97E-6543-4B35-BB2B-9597F73379C8}.Debug|Any CPU.Build.0 = Debug|Any CPU
		{E85FE97E-6543-4B35-BB2B-9597F73379C8}.Release|Any CPU.ActiveCfg = Release|Any CPU
		{E85FE97E-6543-4B35-BB2B-9597F73379C8}.Release|Any CPU.Build.0 = Release|Any CPU
		{216D5A22-DCAF-4CCE-812C-024A2D0CE645}.Debug|Any CPU.ActiveCfg = Debug|Any CPU
		{216D5A22-DCAF-4CCE-812C-024A2D0CE645}.Debug|Any CPU.Build.0 = Debug|Any CPU
		{216D5A22-DCAF-4CCE-812C-024A2D0CE645}.Release|Any CPU.ActiveCfg = Release|Any CPU
		{216D5A22-DCAF-4CCE-812C-024A2D0CE645}.Release|Any CPU.Build.0 = Release|Any CPU
		{34F5938E-2A6D-4234-9CF7-0A07EAD1DE39}.Debug|Any CPU.ActiveCfg = Debug|Any CPU
		{34F5938E-2A6D-4234-9CF7-0A07EAD1DE39}.Debug|Any CPU.Build.0 = Debug|Any CPU
		{34F5938E-2A6D-4234-9CF7-0A07EAD1DE39}.Release|Any CPU.ActiveCfg = Release|Any CPU
		{34F5938E-2A6D-4234-9CF7-0A07EAD1DE39}.Release|Any CPU.Build.0 = Release|Any CPU
		{2A9B6DBC-3D05-41E4-A4D9-2DABF650426A}.Debug|Any CPU.ActiveCfg = Debug|Any CPU
		{2A9B6DBC-3D05-41E4-A4D9-2DABF650426A}.Debug|Any CPU.Build.0 = Debug|Any CPU
		{2A9B6DBC-3D05-41E4-A4D9-2DABF650426A}.Release|Any CPU.ActiveCfg = Release|Any CPU
		{2A9B6DBC-3D05-41E4-A4D9-2DABF650426A}.Release|Any CPU.Build.0 = Release|Any CPU
		{EC75E0EF-EB83-4402-B61C-5E2ABC7A4553}.Debug|Any CPU.ActiveCfg = Debug|Any CPU
		{EC75E0EF-EB83-4402-B61C-5E2ABC7A4553}.Debug|Any CPU.Build.0 = Debug|Any CPU
		{EC75E0EF-EB83-4402-B61C-5E2ABC7A4553}.Release|Any CPU.ActiveCfg = Release|Any CPU
		{EC75E0EF-EB83-4402-B61C-5E2ABC7A4553}.Release|Any CPU.Build.0 = Release|Any CPU
		{936AAFD7-305F-4FCC-97B3-2BB06D8A0459}.Debug|Any CPU.ActiveCfg = Debug|Any CPU
		{936AAFD7-305F-4FCC-97B3-2BB06D8A0459}.Debug|Any CPU.Build.0 = Debug|Any CPU
		{936AAFD7-305F-4FCC-97B3-2BB06D8A0459}.Release|Any CPU.ActiveCfg = Release|Any CPU
		{936AAFD7-305F-4FCC-97B3-2BB06D8A0459}.Release|Any CPU.Build.0 = Release|Any CPU
		{12B721C1-D1BD-4F60-885A-22DD61EFFCD2}.Debug|Any CPU.ActiveCfg = Debug|Any CPU
		{12B721C1-D1BD-4F60-885A-22DD61EFFCD2}.Debug|Any CPU.Build.0 = Debug|Any CPU
		{12B721C1-D1BD-4F60-885A-22DD61EFFCD2}.Release|Any CPU.ActiveCfg = Release|Any CPU
		{12B721C1-D1BD-4F60-885A-22DD61EFFCD2}.Release|Any CPU.Build.0 = Release|Any CPU
		{3BCB5008-EF3C-4646-AEE6-1DF0CE227FC5}.Debug|Any CPU.ActiveCfg = Debug|Any CPU
		{3BCB5008-EF3C-4646-AEE6-1DF0CE227FC5}.Debug|Any CPU.Build.0 = Debug|Any CPU
		{3BCB5008-EF3C-4646-AEE6-1DF0CE227FC5}.Release|Any CPU.ActiveCfg = Release|Any CPU
		{3BCB5008-EF3C-4646-AEE6-1DF0CE227FC5}.Release|Any CPU.Build.0 = Release|Any CPU
	EndGlobalSection
	GlobalSection(SolutionProperties) = preSolution
		HideSolutionNode = FALSE
	EndGlobalSection
	GlobalSection(ExtensibilityGlobals) = postSolution
		SolutionGuid = {0B77743F-FD2B-42DB-B13B-8E9490CFFE1F}
	EndGlobalSection
EndGlobal
